// !$*UTF8*$!
{
	archiveVersion = 1;
	classes = {
	};
	objectVersion = 50;
	objects = {

/* Begin PBXBuildFile section */
		16688BA223647198009B587D /* AppDelegate.swift in Sources */ = {isa = PBXBuildFile; fileRef = 16688BA123647198009B587D /* AppDelegate.swift */; };
		16688BA423647198009B587D /* SceneDelegate.swift in Sources */ = {isa = PBXBuildFile; fileRef = 16688BA323647198009B587D /* SceneDelegate.swift */; };
		16688BA623647198009B587D /* ViewController.swift in Sources */ = {isa = PBXBuildFile; fileRef = 16688BA523647198009B587D /* ViewController.swift */; };
		16688BA923647198009B587D /* Main.storyboard in Resources */ = {isa = PBXBuildFile; fileRef = 16688BA723647198009B587D /* Main.storyboard */; };
		16688BAB2364719A009B587D /* Assets.xcassets in Resources */ = {isa = PBXBuildFile; fileRef = 16688BAA2364719A009B587D /* Assets.xcassets */; };
		16688BAE2364719A009B587D /* LaunchScreen.storyboard in Resources */ = {isa = PBXBuildFile; fileRef = 16688BAC2364719A009B587D /* LaunchScreen.storyboard */; };
		16688BB623648782009B587D /* CircularButton.swift in Sources */ = {isa = PBXBuildFile; fileRef = 16688BB523648782009B587D /* CircularButton.swift */; };
/* End PBXBuildFile section */

/* Begin PBXFileReference section */
		16688B9E23647198009B587D /* Simon says.app */ = {isa = PBXFileReference; explicitFileType = wrapper.application; includeInIndex = 0; path = "Simon says.app"; sourceTree = BUILT_PRODUCTS_DIR; };
		16688BA123647198009B587D /* AppDelegate.swift */ = {isa = PBXFileReference; lastKnownFileType = sourcecode.swift; path = AppDelegate.swift; sourceTree = "<group>"; };
		16688BA323647198009B587D /* SceneDelegate.swift */ = {isa = PBXFileReference; lastKnownFileType = sourcecode.swift; path = SceneDelegate.swift; sourceTree = "<group>"; };
		16688BA523647198009B587D /* ViewController.swift */ = {isa = PBXFileReference; lastKnownFileType = sourcecode.swift; path = ViewController.swift; sourceTree = "<group>"; };
		16688BA823647198009B587D /* Base */ = {isa = PBXFileReference; lastKnownFileType = file.storyboard; name = Base; path = Base.lproj/Main.storyboard; sourceTree = "<group>"; };
		16688BAA2364719A009B587D /* Assets.xcassets */ = {isa = PBXFileReference; lastKnownFileType = folder.assetcatalog; path = Assets.xcassets; sourceTree = "<group>"; };
		16688BAD2364719A009B587D /* Base */ = {isa = PBXFileReference; lastKnownFileType = file.storyboard; name = Base; path = Base.lproj/LaunchScreen.storyboard; sourceTree = "<group>"; };
		16688BAF2364719A009B587D /* Info.plist */ = {isa = PBXFileReference; lastKnownFileType = text.plist.xml; path = Info.plist; sourceTree = "<group>"; };
		16688BB523648782009B587D /* CircularButton.swift */ = {isa = PBXFileReference; lastKnownFileType = sourcecode.swift; path = CircularButton.swift; sourceTree = "<group>"; };
/* End PBXFileReference section */

/* Begin PBXFrameworksBuildPhase section */
		16688B9B23647198009B587D /* Frameworks */ = {
			isa = PBXFrameworksBuildPhase;
			buildActionMask = 2147483647;
			files = (
			);
			runOnlyForDeploymentPostprocessing = 0;
		};
/* End PBXFrameworksBuildPhase section */

/* Begin PBXGroup section */
		16688B9523647198009B587D = {
			isa = PBXGroup;
			children = (
				16688BA023647198009B587D /* Simon says */,
				16688B9F23647198009B587D /* Products */,
			);
			sourceTree = "<group>";
		};
		16688B9F23647198009B587D /* Products */ = {
			isa = PBXGroup;
			children = (
				16688B9E23647198009B587D /* Simon says.app */,
			);
			name = Products;
			sourceTree = "<group>";
		};
		16688BA023647198009B587D /* Simon says */ = {
			isa = PBXGroup;
			children = (
				16688BA123647198009B587D /* AppDelegate.swift */,
				16688BA323647198009B587D /* SceneDelegate.swift */,
				16688BA523647198009B587D /* ViewController.swift */,
				16688BA723647198009B587D /* Main.storyboard */,
				16688BAA2364719A009B587D /* Assets.xcassets */,
				16688BAC2364719A009B587D /* LaunchScreen.storyboard */,
				16688BAF2364719A009B587D /* Info.plist */,
				16688BB523648782009B587D /* CircularButton.swift */,
			);
			path = "Simon says";
			sourceTree = "<group>";
		};
/* End PBXGroup section */

/* Begin PBXNativeTarget section */
		16688B9D23647198009B587D /* Simon says */ = {
			isa = PBXNativeTarget;
			buildConfigurationList = 16688BB22364719A009B587D /* Build configuration list for PBXNativeTarget "Simon says" */;
			buildPhases = (
				16688B9A23647198009B587D /* Sources */,
				16688B9B23647198009B587D /* Frameworks */,
				16688B9C23647198009B587D /* Resources */,
			);
			buildRules = (
			);
			dependencies = (
			);
			name = "Simon says";
			productName = "Simon says";
			productReference = 16688B9E23647198009B587D /* Simon says.app */;
			productType = "com.apple.product-type.application";
		};
/* End PBXNativeTarget section */

/* Begin PBXProject section */
		16688B9623647198009B587D /* Project object */ = {
			isa = PBXProject;
			attributes = {
				LastSwiftUpdateCheck = 1110;
				LastUpgradeCheck = 1110;
				ORGANIZATIONNAME = "Amerigo Mancino";
				TargetAttributes = {
					16688B9D23647198009B587D = {
						CreatedOnToolsVersion = 11.1;
					};
				};
			};
			buildConfigurationList = 16688B9923647198009B587D /* Build configuration list for PBXProject "Simon says" */;
			compatibilityVersion = "Xcode 9.3";
			developmentRegion = en;
			hasScannedForEncodings = 0;
			knownRegions = (
				en,
				Base,
			);
			mainGroup = 16688B9523647198009B587D;
			productRefGroup = 16688B9F23647198009B587D /* Products */;
			projectDirPath = "";
			projectRoot = "";
			targets = (
				16688B9D23647198009B587D /* Simon says */,
			);
		};
/* End PBXProject section */

/* Begin PBXResourcesBuildPhase section */
		16688B9C23647198009B587D /* Resources */ = {
			isa = PBXResourcesBuildPhase;
			buildActionMask = 2147483647;
			files = (
				16688BAE2364719A009B587D /* LaunchScreen.storyboard in Resources */,
				16688BAB2364719A009B587D /* Assets.xcassets in Resources */,
				16688BA923647198009B587D /* Main.storyboard in Resources */,
			);
			runOnlyForDeploymentPostprocessing = 0;
		};
/* End PBXResourcesBuildPhase section */

/* Begin PBXSourcesBuildPhase section */
		16688B9A23647198009B587D /* Sources */ = {
			isa = PBXSourcesBuildPhase;
			buildActionMask = 2147483647;
			files = (
				16688BB623648782009B587D /* CircularButton.swift in Sources */,
				16688BA623647198009B587D /* ViewController.swift in Sources */,
				16688BA223647198009B587D /* AppDelegate.swift in Sources */,
				16688BA423647198009B587D /* SceneDelegate.swift in Sources */,
			);
			runOnlyForDeploymentPostprocessing = 0;
		};
/* End PBXSourcesBuildPhase section */

/* Begin PBXVariantGroup section */
		16688BA723647198009B587D /* Main.storyboard */ = {
			isa = PBXVariantGroup;
			children = (
				16688BA823647198009B587D /* Base */,
			);
			name = Main.storyboard;
			sourceTree = "<group>";
		};
		16688BAC2364719A009B587D /* LaunchScreen.storyboard */ = {
			isa = PBXVariantGroup;
			children = (
				16688BAD2364719A009B587D /* Base */,
			);
			name = LaunchScreen.storyboard;
			sourceTree = "<group>";
		};
/* End PBXVariantGroup section */

/* Begin XCBuildConfiguration section */
		16688BB02364719A009B587D /* Debug */ = {
			isa = XCBuildConfiguration;
			buildSettings = {
				ALWAYS_SEARCH_USER_PATHS = NO;
				CLANG_ANALYZER_NONNULL = YES;
				CLANG_ANALYZER_NUMBER_OBJECT_CONVERSION = YES_AGGRESSIVE;
				CLANG_CXX_LANGUAGE_STANDARD = "gnu++14";
				CLANG_CXX_LIBRARY = "libc++";
				CLANG_ENABLE_MODULES = YES;
				CLANG_ENABLE_OBJC_ARC = YES;
				CLANG_ENABLE_OBJC_WEAK = YES;
				CLANG_WARN_BLOCK_CAPTURE_AUTORELEASING = YES;
				CLANG_WARN_BOOL_CONVERSION = YES;
				CLANG_WARN_COMMA = YES;
				CLANG_WARN_CONSTANT_CONVERSION = YES;
				CLANG_WARN_DEPRECATED_OBJC_IMPLEMENTATIONS = YES;
				CLANG_WARN_DIRECT_OBJC_ISA_USAGE = YES_ERROR;
				CLANG_WARN_DOCUMENTATION_COMMENTS = YES;
				CLANG_WARN_EMPTY_BODY = YES;
				CLANG_WARN_ENUM_CONVERSION = YES;
				CLANG_WARN_INFINITE_RECURSION = YES;
				CLANG_WARN_INT_CONVERSION = YES;
				CLANG_WARN_NON_LITERAL_NULL_CONVERSION = YES;
				CLANG_WARN_OBJC_IMPLICIT_RETAIN_SELF = YES;
				CLANG_WARN_OBJC_LITERAL_CONVERSION = YES;
				CLANG_WARN_OBJC_ROOT_CLASS = YES_ERROR;
				CLANG_WARN_RANGE_LOOP_ANALYSIS = YES;
				CLANG_WARN_STRICT_PROTOTYPES = YES;
				CLANG_WARN_SUSPICIOUS_MOVE = YES;
				CLANG_WARN_UNGUARDED_AVAILABILITY = YES_AGGRESSIVE;
				CLANG_WARN_UNREACHABLE_CODE = YES;
				CLANG_WARN__DUPLICATE_METHOD_MATCH = YES;
				COPY_PHASE_STRIP = NO;
				DEBUG_INFORMATION_FORMAT = dwarf;
				ENABLE_STRICT_OBJC_MSGSEND = YES;
				ENABLE_TESTABILITY = YES;
				GCC_C_LANGUAGE_STANDARD = gnu11;
				GCC_DYNAMIC_NO_PIC = NO;
				GCC_NO_COMMON_BLOCKS = YES;
				GCC_OPTIMIZATION_LEVEL = 0;
				GCC_PREPROCESSOR_DEFINITIONS = (
					"DEBUG=1",
					"$(inherited)",
				);
				GCC_WARN_64_TO_32_BIT_CONVERSION = YES;
				GCC_WARN_ABOUT_RETURN_TYPE = YES_ERROR;
				GCC_WARN_UNDECLARED_SELECTOR = YES;
				GCC_WARN_UNINITIALIZED_AUTOS = YES_AGGRESSIVE;
				GCC_WARN_UNUSED_FUNCTION = YES;
				GCC_WARN_UNUSED_VARIABLE = YES;
				IPHONEOS_DEPLOYMENT_TARGET = 13.1;
				MTL_ENABLE_DEBUG_INFO = INCLUDE_SOURCE;
				MTL_FAST_MATH = YES;
				ONLY_ACTIVE_ARCH = YES;
				SDKROOT = iphoneos;
				SWIFT_ACTIVE_COMPILATION_CONDITIONS = DEBUG;
				SWIFT_OPTIMIZATION_LEVEL = "-Onone";
			};
			name = Debug;
		};
		16688BB12364719A009B587D /* Release */ = {
			isa = XCBuildConfiguration;
			buildSettings = {
				ALWAYS_SEARCH_USER_PATHS = NO;
				CLANG_ANALYZER_NONNULL = YES;
				CLANG_ANALYZER_NUMBER_OBJECT_CONVERSION = YES_AGGRESSIVE;
				CLANG_CXX_LANGUAGE_STANDARD = "gnu++14";
				CLANG_CXX_LIBRARY = "libc++";
				CLANG_ENABLE_MODULES = YES;
				CLANG_ENABLE_OBJC_ARC = YES;
				CLANG_ENABLE_OBJC_WEAK = YES;
				CLANG_WARN_BLOCK_CAPTURE_AUTORELEASING = YES;
				CLANG_WARN_BOOL_CONVERSION = YES;
				CLANG_WARN_COMMA = YES;
				CLANG_WARN_CONSTANT_CONVERSION = YES;
				CLANG_WARN_DEPRECATED_OBJC_IMPLEMENTATIONS = YES;
				CLANG_WARN_DIRECT_OBJC_ISA_USAGE = YES_ERROR;
				CLANG_WARN_DOCUMENTATION_COMMENTS = YES;
				CLANG_WARN_EMPTY_BODY = YES;
				CLANG_WARN_ENUM_CONVERSION = YES;
				CLANG_WARN_INFINITE_RECURSION = YES;
				CLANG_WARN_INT_CONVERSION = YES;
				CLANG_WARN_NON_LITERAL_NULL_CONVERSION = YES;
				CLANG_WARN_OBJC_IMPLICIT_RETAIN_SELF = YES;
				CLANG_WARN_OBJC_LITERAL_CONVERSION = YES;
				CLANG_WARN_OBJC_ROOT_CLASS = YES_ERROR;
				CLANG_WARN_RANGE_LOOP_ANALYSIS = YES;
				CLANG_WARN_STRICT_PROTOTYPES = YES;
				CLANG_WARN_SUSPICIOUS_MOVE = YES;
				CLANG_WARN_UNGUARDED_AVAILABILITY = YES_AGGRESSIVE;
				CLANG_WARN_UNREACHABLE_CODE = YES;
				CLANG_WARN__DUPLICATE_METHOD_MATCH = YES;
				COPY_PHASE_STRIP = NO;
				DEBUG_INFORMATION_FORMAT = "dwarf-with-dsym";
				ENABLE_NS_ASSERTIONS = NO;
				ENABLE_STRICT_OBJC_MSGSEND = YES;
				GCC_C_LANGUAGE_STANDARD = gnu11;
				GCC_NO_COMMON_BLOCKS = YES;
				GCC_WARN_64_TO_32_BIT_CONVERSION = YES;
				GCC_WARN_ABOUT_RETURN_TYPE = YES_ERROR;
				GCC_WARN_UNDECLARED_SELECTOR = YES;
				GCC_WARN_UNINITIALIZED_AUTOS = YES_AGGRESSIVE;
				GCC_WARN_UNUSED_FUNCTION = YES;
				GCC_WARN_UNUSED_VARIABLE = YES;
				IPHONEOS_DEPLOYMENT_TARGET = 13.1;
				MTL_ENABLE_DEBUG_INFO = NO;
				MTL_FAST_MATH = YES;
				SDKROOT = iphoneos;
				SWIFT_COMPILATION_MODE = wholemodule;
				SWIFT_OPTIMIZATION_LEVEL = "-O";
				VALIDATE_PRODUCT = YES;
			};
			name = Release;
		};
		16688BB32364719A009B587D /* Debug */ = {
			isa = XCBuildConfiguration;
			buildSettings = {
				ASSETCATALOG_COMPILER_APPICON_NAME = AppIcon;
				CODE_SIGN_STYLE = Automatic;
				DEVELOPMENT_TEAM = D25KP5FZHX;
				INFOPLIST_FILE = "Simon says/Info.plist";
				LD_RUNPATH_SEARCH_PATHS = (
					"$(inherited)",
					"@executable_path/Frameworks",
				);
				PRODUCT_BUNDLE_IDENTIFIER = "com.amancino.Simon-says";
				PRODUCT_NAME = "$(TARGET_NAME)";
				SWIFT_VERSION = 5.0;
				TARGETED_DEVICE_FAMILY = "1,2";
			};
			name = Debug;
		};
		16688BB42364719A009B587D /* Release */ = {
			isa = XCBuildConfiguration;
			buildSettings = {
				ASSETCATALOG_COMPILER_APPICON_NAME = AppIcon;
				CODE_SIGN_STYLE = Automatic;
				DEVELOPMENT_TEAM = D25KP5FZHX;
				INFOPLIST_FILE = "Simon says/Info.plist";
				LD_RUNPATH_SEARCH_PATHS = (
					"$(inherited)",
					"@executable_path/Frameworks",
				);
				PRODUCT_BUNDLE_IDENTIFIER = "com.amancino.Simon-says";
				PRODUCT_NAME = "$(TARGET_NAME)";
				SWIFT_VERSION = 5.0;
				TARGETED_DEVICE_FAMILY = "1,2";
			};
			name = Release;
		};
/* End XCBuildConfiguration section */

/* Begin XCConfigurationList section */
		16688B9923647198009B587D /* Build configuration list for PBXProject "Simon says" */ = {
			isa = XCConfigurationList;
			buildConfigurations = (
				16688BB02364719A009B587D /* Debug */,
				16688BB12364719A009B587D /* Release */,
			);
			defaultConfigurationIsVisible = 0;
			defaultConfigurationName = Release;
		};
		16688BB22364719A009B587D /* Build configuration list for PBXNativeTarget "Simon says" */ = {
			isa = XCConfigurationList;
			buildConfigurations = (
				16688BB32364719A009B587D /* Debug */,
				16688BB42364719A009B587D /* Release */,
			);
			defaultConfigurationIsVisible = 0;
			defaultConfigurationName = Release;
		};
/* End XCConfigurationList section */
	};
	rootObject = 16688B9623647198009B587D /* Project object */;
}
